// !$*UTF8*$!
{
	archiveVersion = 1;
	classes = {
	};
	objectVersion = 55;
	objects = {

/* Begin PBXBuildFile section */
		CE4B483428388B91002F8F62 /* ExpandedPhotoCell.swift in Sources */ = {isa = PBXBuildFile; fileRef = CE4B483328388B91002F8F62 /* ExpandedPhotoCell.swift */; };
		CE4B4836283946E5002F8F62 /* PostView.swift in Sources */ = {isa = PBXBuildFile; fileRef = CE4B4835283946E5002F8F62 /* PostView.swift */; };
		CE61435628243E6C00170A70 /* Protocols.swift in Sources */ = {isa = PBXBuildFile; fileRef = CE61435528243E6C00170A70 /* Protocols.swift */; };
		CE7D41CF280727E600500E42 /* ProfileHeaderView.swift in Sources */ = {isa = PBXBuildFile; fileRef = CE7D41CE280727E600500E42 /* ProfileHeaderView.swift */; };
		CE7DD707283569CC00BD863A /* PhotosCollectionViewCell.swift in Sources */ = {isa = PBXBuildFile; fileRef = CE7DD706283569CC00BD863A /* PhotosCollectionViewCell.swift */; };
		CE7DD709283569E700BD863A /* PhotosTableViewCell.swift in Sources */ = {isa = PBXBuildFile; fileRef = CE7DD708283569E700BD863A /* PhotosTableViewCell.swift */; };
		CE7DD70B28356A0000BD863A /* PhotoCell.swift in Sources */ = {isa = PBXBuildFile; fileRef = CE7DD70A28356A0000BD863A /* PhotoCell.swift */; };
		CE7DD70D28356A2E00BD863A /* PhotosViewController.swift in Sources */ = {isa = PBXBuildFile; fileRef = CE7DD70C28356A2E00BD863A /* PhotosViewController.swift */; };
		CE80309E27FA110D0098FD08 /* AppDelegate.swift in Sources */ = {isa = PBXBuildFile; fileRef = CE80309D27FA110D0098FD08 /* AppDelegate.swift */; };
		CE8030A027FA110D0098FD08 /* SceneDelegate.swift in Sources */ = {isa = PBXBuildFile; fileRef = CE80309F27FA110D0098FD08 /* SceneDelegate.swift */; };
		CE8030A727FA11110098FD08 /* Assets.xcassets in Resources */ = {isa = PBXBuildFile; fileRef = CE8030A627FA11110098FD08 /* Assets.xcassets */; };
		CE8030AA27FA11110098FD08 /* LaunchScreen.storyboard in Resources */ = {isa = PBXBuildFile; fileRef = CE8030A827FA11110098FD08 /* LaunchScreen.storyboard */; };
		CE8030B227FA14F60098FD08 /* FeedViewController.swift in Sources */ = {isa = PBXBuildFile; fileRef = CE8030B127FA14F50098FD08 /* FeedViewController.swift */; };
		CE8030B427FA150B0098FD08 /* ProfileViewController.swift in Sources */ = {isa = PBXBuildFile; fileRef = CE8030B327FA150B0098FD08 /* ProfileViewController.swift */; };
		CE8030B627FA1C7B0098FD08 /* TapBarController.swift in Sources */ = {isa = PBXBuildFile; fileRef = CE8030B527FA1C7B0098FD08 /* TapBarController.swift */; };
		CE8030B827FA22470098FD08 /* PostViewController.swift in Sources */ = {isa = PBXBuildFile; fileRef = CE8030B727FA22470098FD08 /* PostViewController.swift */; };
		CE8A12D92804A209006AB448 /* InfoViewController.swift in Sources */ = {isa = PBXBuildFile; fileRef = CE8A12D82804A209006AB448 /* InfoViewController.swift */; };
		CEC8AE2C283765FB009D872B /* PostTableViewCell.swift in Sources */ = {isa = PBXBuildFile; fileRef = CEC8AE2B283765FB009D872B /* PostTableViewCell.swift */; };
		CED7F33E281B0A90008359B7 /* LogInViewController.swift in Sources */ = {isa = PBXBuildFile; fileRef = CED7F33D281B0A90008359B7 /* LogInViewController.swift */; };
		CED7F340281F0FA5008359B7 /* pictures.json in Resources */ = {isa = PBXBuildFile; fileRef = CED7F33F281F0F97008359B7 /* pictures.json */; };
		CED7F36C28219AA6008359B7 /* News.swift in Sources */ = {isa = PBXBuildFile; fileRef = CED7F36B28219AA6008359B7 /* News.swift */; };
/* End PBXBuildFile section */

/* Begin PBXFileReference section */
		CE4B483328388B91002F8F62 /* ExpandedPhotoCell.swift */ = {isa = PBXFileReference; lastKnownFileType = sourcecode.swift; path = ExpandedPhotoCell.swift; sourceTree = "<group>"; };
		CE4B4835283946E5002F8F62 /* PostView.swift */ = {isa = PBXFileReference; lastKnownFileType = sourcecode.swift; path = PostView.swift; sourceTree = "<group>"; };
		CE61435528243E6C00170A70 /* Protocols.swift */ = {isa = PBXFileReference; lastKnownFileType = sourcecode.swift; path = Protocols.swift; sourceTree = "<group>"; };
		CE7D41CE280727E600500E42 /* ProfileHeaderView.swift */ = {isa = PBXFileReference; lastKnownFileType = sourcecode.swift; path = ProfileHeaderView.swift; sourceTree = "<group>"; };
		CE7DD706283569CC00BD863A /* PhotosCollectionViewCell.swift */ = {isa = PBXFileReference; lastKnownFileType = sourcecode.swift; path = PhotosCollectionViewCell.swift; sourceTree = "<group>"; };
		CE7DD708283569E700BD863A /* PhotosTableViewCell.swift */ = {isa = PBXFileReference; lastKnownFileType = sourcecode.swift; path = PhotosTableViewCell.swift; sourceTree = "<group>"; };
		CE7DD70A28356A0000BD863A /* PhotoCell.swift */ = {isa = PBXFileReference; lastKnownFileType = sourcecode.swift; path = PhotoCell.swift; sourceTree = "<group>"; };
		CE7DD70C28356A2E00BD863A /* PhotosViewController.swift */ = {isa = PBXFileReference; lastKnownFileType = sourcecode.swift; path = PhotosViewController.swift; sourceTree = "<group>"; };
		CE80309A27FA110D0098FD08 /* Navigation.app */ = {isa = PBXFileReference; explicitFileType = wrapper.application; includeInIndex = 0; path = Navigation.app; sourceTree = BUILT_PRODUCTS_DIR; };
		CE80309D27FA110D0098FD08 /* AppDelegate.swift */ = {isa = PBXFileReference; lastKnownFileType = sourcecode.swift; path = AppDelegate.swift; sourceTree = "<group>"; };
		CE80309F27FA110D0098FD08 /* SceneDelegate.swift */ = {isa = PBXFileReference; lastKnownFileType = sourcecode.swift; path = SceneDelegate.swift; sourceTree = "<group>"; };
		CE8030A627FA11110098FD08 /* Assets.xcassets */ = {isa = PBXFileReference; lastKnownFileType = folder.assetcatalog; path = Assets.xcassets; sourceTree = "<group>"; };
		CE8030A927FA11110098FD08 /* Base */ = {isa = PBXFileReference; lastKnownFileType = file.storyboard; name = Base; path = Base.lproj/LaunchScreen.storyboard; sourceTree = "<group>"; };
		CE8030AB27FA11110098FD08 /* Info.plist */ = {isa = PBXFileReference; lastKnownFileType = text.plist.xml; path = Info.plist; sourceTree = "<group>"; };
		CE8030B127FA14F50098FD08 /* FeedViewController.swift */ = {isa = PBXFileReference; lastKnownFileType = sourcecode.swift; path = FeedViewController.swift; sourceTree = "<group>"; };
		CE8030B327FA150B0098FD08 /* ProfileViewController.swift */ = {isa = PBXFileReference; lastKnownFileType = sourcecode.swift; path = ProfileViewController.swift; sourceTree = "<group>"; };
		CE8030B527FA1C7B0098FD08 /* TapBarController.swift */ = {isa = PBXFileReference; lastKnownFileType = sourcecode.swift; path = TapBarController.swift; sourceTree = "<group>"; };
		CE8030B727FA22470098FD08 /* PostViewController.swift */ = {isa = PBXFileReference; lastKnownFileType = sourcecode.swift; path = PostViewController.swift; sourceTree = "<group>"; };
		CE8A12D82804A209006AB448 /* InfoViewController.swift */ = {isa = PBXFileReference; lastKnownFileType = sourcecode.swift; path = InfoViewController.swift; sourceTree = "<group>"; };
		CEC8AE2B283765FB009D872B /* PostTableViewCell.swift */ = {isa = PBXFileReference; lastKnownFileType = sourcecode.swift; path = PostTableViewCell.swift; sourceTree = "<group>"; };
		CED7F33D281B0A90008359B7 /* LogInViewController.swift */ = {isa = PBXFileReference; lastKnownFileType = sourcecode.swift; path = LogInViewController.swift; sourceTree = "<group>"; };
		CED7F33F281F0F97008359B7 /* pictures.json */ = {isa = PBXFileReference; explicitFileType = text.json; path = pictures.json; sourceTree = "<group>"; };
		CED7F36B28219AA6008359B7 /* News.swift */ = {isa = PBXFileReference; lastKnownFileType = sourcecode.swift; path = News.swift; sourceTree = "<group>"; };
/* End PBXFileReference section */

/* Begin PBXFrameworksBuildPhase section */
		CE80309727FA110D0098FD08 /* Frameworks */ = {
			isa = PBXFrameworksBuildPhase;
			buildActionMask = 2147483647;
			files = (
			);
			runOnlyForDeploymentPostprocessing = 0;
		};
/* End PBXFrameworksBuildPhase section */

/* Begin PBXGroup section */
		CE7D41CD2807278300500E42 /* Profile */ = {
			isa = PBXGroup;
			children = (
				CE7D41CE280727E600500E42 /* ProfileHeaderView.swift */,
				CE8030B327FA150B0098FD08 /* ProfileViewController.swift */,
			);
			path = Profile;
			sourceTree = "<group>";
		};
		CE80309127FA110D0098FD08 = {
			isa = PBXGroup;
			children = (
				CE80309C27FA110D0098FD08 /* Navigation */,
				CE80309B27FA110D0098FD08 /* Products */,
			);
			sourceTree = "<group>";
		};
		CE80309B27FA110D0098FD08 /* Products */ = {
			isa = PBXGroup;
			children = (
				CE80309A27FA110D0098FD08 /* Navigation.app */,
			);
			name = Products;
			sourceTree = "<group>";
		};
		CE80309C27FA110D0098FD08 /* Navigation */ = {
			isa = PBXGroup;
			children = (
				CE7D41CD2807278300500E42 /* Profile */,
				CED7F36B28219AA6008359B7 /* News.swift */,
				CE4B4835283946E5002F8F62 /* PostView.swift */,
				CE7DD706283569CC00BD863A /* PhotosCollectionViewCell.swift */,
				CEC8AE2B283765FB009D872B /* PostTableViewCell.swift */,
				CE7DD708283569E700BD863A /* PhotosTableViewCell.swift */,
				CE7DD70A28356A0000BD863A /* PhotoCell.swift */,
				CE61435528243E6C00170A70 /* Protocols.swift */,
				CE7DD70C28356A2E00BD863A /* PhotosViewController.swift */,
				CE4B483328388B91002F8F62 /* ExpandedPhotoCell.swift */,
				CE80309D27FA110D0098FD08 /* AppDelegate.swift */,
				CE80309F27FA110D0098FD08 /* SceneDelegate.swift */,
				CE8030B527FA1C7B0098FD08 /* TapBarController.swift */,
				CE8030B127FA14F50098FD08 /* FeedViewController.swift */,
				CE8A12D82804A209006AB448 /* InfoViewController.swift */,
				CE8030B727FA22470098FD08 /* PostViewController.swift */,
				CED7F33D281B0A90008359B7 /* LogInViewController.swift */,
				CE8030A627FA11110098FD08 /* Assets.xcassets */,
				CE8030A827FA11110098FD08 /* LaunchScreen.storyboard */,
				CE8030AB27FA11110098FD08 /* Info.plist */,
				CED7F33F281F0F97008359B7 /* pictures.json */,
			);
			path = Navigation;
			sourceTree = "<group>";
		};
/* End PBXGroup section */

/* Begin PBXNativeTarget section */
		CE80309927FA110D0098FD08 /* Navigation */ = {
			isa = PBXNativeTarget;
			buildConfigurationList = CE8030AE27FA11110098FD08 /* Build configuration list for PBXNativeTarget "Navigation" */;
			buildPhases = (
				CE80309627FA110D0098FD08 /* Sources */,
				CE80309727FA110D0098FD08 /* Frameworks */,
				CE80309827FA110D0098FD08 /* Resources */,
			);
			buildRules = (
			);
			dependencies = (
			);
			name = Navigation;
			productName = Navigation;
			productReference = CE80309A27FA110D0098FD08 /* Navigation.app */;
			productType = "com.apple.product-type.application";
		};
/* End PBXNativeTarget section */

/* Begin PBXProject section */
		CE80309227FA110D0098FD08 /* Project object */ = {
			isa = PBXProject;
			attributes = {
				BuildIndependentTargetsInParallel = 1;
				LastSwiftUpdateCheck = 1310;
				LastUpgradeCheck = 1310;
				TargetAttributes = {
					CE80309927FA110D0098FD08 = {
						CreatedOnToolsVersion = 13.1;
					};
				};
			};
			buildConfigurationList = CE80309527FA110D0098FD08 /* Build configuration list for PBXProject "Navigation" */;
			compatibilityVersion = "Xcode 13.0";
			developmentRegion = en;
			hasScannedForEncodings = 0;
			knownRegions = (
				en,
				Base,
			);
			mainGroup = CE80309127FA110D0098FD08;
			productRefGroup = CE80309B27FA110D0098FD08 /* Products */;
			projectDirPath = "";
			projectRoot = "";
			targets = (
				CE80309927FA110D0098FD08 /* Navigation */,
			);
		};
/* End PBXProject section */

/* Begin PBXResourcesBuildPhase section */
		CE80309827FA110D0098FD08 /* Resources */ = {
			isa = PBXResourcesBuildPhase;
			buildActionMask = 2147483647;
			files = (
				CE8030AA27FA11110098FD08 /* LaunchScreen.storyboard in Resources */,
				CE8030A727FA11110098FD08 /* Assets.xcassets in Resources */,
				CED7F340281F0FA5008359B7 /* pictures.json in Resources */,
			);
			runOnlyForDeploymentPostprocessing = 0;
		};
/* End PBXResourcesBuildPhase section */

/* Begin PBXSourcesBuildPhase section */
		CE80309627FA110D0098FD08 /* Sources */ = {
			isa = PBXSourcesBuildPhase;
			buildActionMask = 2147483647;
			files = (
				CE7DD709283569E700BD863A /* PhotosTableViewCell.swift in Sources */,
				CE7DD70D28356A2E00BD863A /* PhotosViewController.swift in Sources */,
				CE8030B627FA1C7B0098FD08 /* TapBarController.swift in Sources */,
				CE7DD707283569CC00BD863A /* PhotosCollectionViewCell.swift in Sources */,
				CE8030B827FA22470098FD08 /* PostViewController.swift in Sources */,
				CE7DD70B28356A0000BD863A /* PhotoCell.swift in Sources */,
				CED7F33E281B0A90008359B7 /* LogInViewController.swift in Sources */,
				CE61435628243E6C00170A70 /* Protocols.swift in Sources */,
				CE80309E27FA110D0098FD08 /* AppDelegate.swift in Sources */,
				CE8030B427FA150B0098FD08 /* ProfileViewController.swift in Sources */,
				CE8030B227FA14F60098FD08 /* FeedViewController.swift in Sources */,
				CEC8AE2C283765FB009D872B /* PostTableViewCell.swift in Sources */,
				CED7F36C28219AA6008359B7 /* News.swift in Sources */,
				CE8A12D92804A209006AB448 /* InfoViewController.swift in Sources */,
				CE4B483428388B91002F8F62 /* ExpandedPhotoCell.swift in Sources */,
				CE8030A027FA110D0098FD08 /* SceneDelegate.swift in Sources */,
				CE4B4836283946E5002F8F62 /* PostView.swift in Sources */,
				CE7D41CF280727E600500E42 /* ProfileHeaderView.swift in Sources */,
			);
			runOnlyForDeploymentPostprocessing = 0;
		};
/* End PBXSourcesBuildPhase section */

/* Begin PBXVariantGroup section */
		CE8030A827FA11110098FD08 /* LaunchScreen.storyboard */ = {
			isa = PBXVariantGroup;
			children = (
				CE8030A927FA11110098FD08 /* Base */,
			);
			name = LaunchScreen.storyboard;
			sourceTree = "<group>";
		};
/* End PBXVariantGroup section */

/* Begin XCBuildConfiguration section */
		CE8030AC27FA11110098FD08 /* Debug */ = {
			isa = XCBuildConfiguration;
			buildSettings = {
				ALWAYS_SEARCH_USER_PATHS = NO;
				CLANG_ANALYZER_NONNULL = YES;
				CLANG_ANALYZER_NUMBER_OBJECT_CONVERSION = YES_AGGRESSIVE;
				CLANG_CXX_LANGUAGE_STANDARD = "gnu++17";
				CLANG_CXX_LIBRARY = "libc++";
				CLANG_ENABLE_MODULES = YES;
				CLANG_ENABLE_OBJC_ARC = YES;
				CLANG_ENABLE_OBJC_WEAK = YES;
				CLANG_WARN_BLOCK_CAPTURE_AUTORELEASING = YES;
				CLANG_WARN_BOOL_CONVERSION = YES;
				CLANG_WARN_COMMA = YES;
				CLANG_WARN_CONSTANT_CONVERSION = YES;
				CLANG_WARN_DEPRECATED_OBJC_IMPLEMENTATIONS = YES;
				CLANG_WARN_DIRECT_OBJC_ISA_USAGE = YES_ERROR;
				CLANG_WARN_DOCUMENTATION_COMMENTS = YES;
				CLANG_WARN_EMPTY_BODY = YES;
				CLANG_WARN_ENUM_CONVERSION = YES;
				CLANG_WARN_INFINITE_RECURSION = YES;
				CLANG_WARN_INT_CONVERSION = YES;
				CLANG_WARN_NON_LITERAL_NULL_CONVERSION = YES;
				CLANG_WARN_OBJC_IMPLICIT_RETAIN_SELF = YES;
				CLANG_WARN_OBJC_LITERAL_CONVERSION = YES;
				CLANG_WARN_OBJC_ROOT_CLASS = YES_ERROR;
				CLANG_WARN_QUOTED_INCLUDE_IN_FRAMEWORK_HEADER = YES;
				CLANG_WARN_RANGE_LOOP_ANALYSIS = YES;
				CLANG_WARN_STRICT_PROTOTYPES = YES;
				CLANG_WARN_SUSPICIOUS_MOVE = YES;
				CLANG_WARN_UNGUARDED_AVAILABILITY = YES_AGGRESSIVE;
				CLANG_WARN_UNREACHABLE_CODE = YES;
				CLANG_WARN__DUPLICATE_METHOD_MATCH = YES;
				COPY_PHASE_STRIP = NO;
				DEBUG_INFORMATION_FORMAT = dwarf;
				ENABLE_STRICT_OBJC_MSGSEND = YES;
				ENABLE_TESTABILITY = YES;
				GCC_C_LANGUAGE_STANDARD = gnu11;
				GCC_DYNAMIC_NO_PIC = NO;
				GCC_NO_COMMON_BLOCKS = YES;
				GCC_OPTIMIZATION_LEVEL = 0;
				GCC_PREPROCESSOR_DEFINITIONS = (
					"DEBUG=1",
					"$(inherited)",
				);
				GCC_WARN_64_TO_32_BIT_CONVERSION = YES;
				GCC_WARN_ABOUT_RETURN_TYPE = YES_ERROR;
				GCC_WARN_UNDECLARED_SELECTOR = YES;
				GCC_WARN_UNINITIALIZED_AUTOS = YES_AGGRESSIVE;
				GCC_WARN_UNUSED_FUNCTION = YES;
				GCC_WARN_UNUSED_VARIABLE = YES;
				IPHONEOS_DEPLOYMENT_TARGET = 15.0;
				MTL_ENABLE_DEBUG_INFO = INCLUDE_SOURCE;
				MTL_FAST_MATH = YES;
				ONLY_ACTIVE_ARCH = YES;
				SDKROOT = iphoneos;
				SWIFT_ACTIVE_COMPILATION_CONDITIONS = DEBUG;
				SWIFT_OPTIMIZATION_LEVEL = "-Onone";
			};
			name = Debug;
		};
		CE8030AD27FA11110098FD08 /* Release */ = {
			isa = XCBuildConfiguration;
			buildSettings = {
				ALWAYS_SEARCH_USER_PATHS = NO;
				CLANG_ANALYZER_NONNULL = YES;
				CLANG_ANALYZER_NUMBER_OBJECT_CONVERSION = YES_AGGRESSIVE;
				CLANG_CXX_LANGUAGE_STANDARD = "gnu++17";
				CLANG_CXX_LIBRARY = "libc++";
				CLANG_ENABLE_MODULES = YES;
				CLANG_ENABLE_OBJC_ARC = YES;
				CLANG_ENABLE_OBJC_WEAK = YES;
				CLANG_WARN_BLOCK_CAPTURE_AUTORELEASING = YES;
				CLANG_WARN_BOOL_CONVERSION = YES;
				CLANG_WARN_COMMA = YES;
				CLANG_WARN_CONSTANT_CONVERSION = YES;
				CLANG_WARN_DEPRECATED_OBJC_IMPLEMENTATIONS = YES;
				CLANG_WARN_DIRECT_OBJC_ISA_USAGE = YES_ERROR;
				CLANG_WARN_DOCUMENTATION_COMMENTS = YES;
				CLANG_WARN_EMPTY_BODY = YES;
				CLANG_WARN_ENUM_CONVERSION = YES;
				CLANG_WARN_INFINITE_RECURSION = YES;
				CLANG_WARN_INT_CONVERSION = YES;
				CLANG_WARN_NON_LITERAL_NULL_CONVERSION = YES;
				CLANG_WARN_OBJC_IMPLICIT_RETAIN_SELF = YES;
				CLANG_WARN_OBJC_LITERAL_CONVERSION = YES;
				CLANG_WARN_OBJC_ROOT_CLASS = YES_ERROR;
				CLANG_WARN_QUOTED_INCLUDE_IN_FRAMEWORK_HEADER = YES;
				CLANG_WARN_RANGE_LOOP_ANALYSIS = YES;
				CLANG_WARN_STRICT_PROTOTYPES = YES;
				CLANG_WARN_SUSPICIOUS_MOVE = YES;
				CLANG_WARN_UNGUARDED_AVAILABILITY = YES_AGGRESSIVE;
				CLANG_WARN_UNREACHABLE_CODE = YES;
				CLANG_WARN__DUPLICATE_METHOD_MATCH = YES;
				COPY_PHASE_STRIP = NO;
				DEBUG_INFORMATION_FORMAT = "dwarf-with-dsym";
				ENABLE_NS_ASSERTIONS = NO;
				ENABLE_STRICT_OBJC_MSGSEND = YES;
				GCC_C_LANGUAGE_STANDARD = gnu11;
				GCC_NO_COMMON_BLOCKS = YES;
				GCC_WARN_64_TO_32_BIT_CONVERSION = YES;
				GCC_WARN_ABOUT_RETURN_TYPE = YES_ERROR;
				GCC_WARN_UNDECLARED_SELECTOR = YES;
				GCC_WARN_UNINITIALIZED_AUTOS = YES_AGGRESSIVE;
				GCC_WARN_UNUSED_FUNCTION = YES;
				GCC_WARN_UNUSED_VARIABLE = YES;
				IPHONEOS_DEPLOYMENT_TARGET = 15.0;
				MTL_ENABLE_DEBUG_INFO = NO;
				MTL_FAST_MATH = YES;
				SDKROOT = iphoneos;
				SWIFT_COMPILATION_MODE = wholemodule;
				SWIFT_OPTIMIZATION_LEVEL = "-O";
				VALIDATE_PRODUCT = YES;
			};
			name = Release;
		};
		CE8030AF27FA11110098FD08 /* Debug */ = {
			isa = XCBuildConfiguration;
			buildSettings = {
				ASSETCATALOG_COMPILER_APPICON_NAME = AppIcon;
				ASSETCATALOG_COMPILER_GLOBAL_ACCENT_COLOR_NAME = AccentColor;
				CODE_SIGN_STYLE = Automatic;
				CURRENT_PROJECT_VERSION = 1;
				GENERATE_INFOPLIST_FILE = YES;
				INFOPLIST_FILE = Navigation/Info.plist;
				INFOPLIST_KEY_UIApplicationSupportsIndirectInputEvents = YES;
				INFOPLIST_KEY_UILaunchStoryboardName = LaunchScreen;
				INFOPLIST_KEY_UISupportedInterfaceOrientations_iPad = "UIInterfaceOrientationPortrait UIInterfaceOrientationPortraitUpsideDown UIInterfaceOrientationLandscapeLeft UIInterfaceOrientationLandscapeRight";
				INFOPLIST_KEY_UISupportedInterfaceOrientations_iPhone = "UIInterfaceOrientationPortrait UIInterfaceOrientationLandscapeLeft UIInterfaceOrientationLandscapeRight";
				LD_RUNPATH_SEARCH_PATHS = (
					"$(inherited)",
					"@executable_path/Frameworks",
				);
				MARKETING_VERSION = 1.0;
				PRODUCT_BUNDLE_IDENTIFIER = PyataevAleksei.Navigation;
				PRODUCT_NAME = "$(TARGET_NAME)";
				SWIFT_EMIT_LOC_STRINGS = YES;
				SWIFT_VERSION = 5.0;
				TARGETED_DEVICE_FAMILY = "1,2";
			};
			name = Debug;
		};
		CE8030B027FA11110098FD08 /* Release */ = {
			isa = XCBuildConfiguration;
			buildSettings = {
				ASSETCATALOG_COMPILER_APPICON_NAME = AppIcon;
				ASSETCATALOG_COMPILER_GLOBAL_ACCENT_COLOR_NAME = AccentColor;
				CODE_SIGN_STYLE = Automatic;
				CURRENT_PROJECT_VERSION = 1;
				GENERATE_INFOPLIST_FILE = YES;
				INFOPLIST_FILE = Navigation/Info.plist;
				INFOPLIST_KEY_UIApplicationSupportsIndirectInputEvents = YES;
				INFOPLIST_KEY_UILaunchStoryboardName = LaunchScreen;
				INFOPLIST_KEY_UISupportedInterfaceOrientations_iPad = "UIInterfaceOrientationPortrait UIInterfaceOrientationPortraitUpsideDown UIInterfaceOrientationLandscapeLeft UIInterfaceOrientationLandscapeRight";
				INFOPLIST_KEY_UISupportedInterfaceOrientations_iPhone = "UIInterfaceOrientationPortrait UIInterfaceOrientationLandscapeLeft UIInterfaceOrientationLandscapeRight";
				LD_RUNPATH_SEARCH_PATHS = (
					"$(inherited)",
					"@executable_path/Frameworks",
				);
				MARKETING_VERSION = 1.0;
				PRODUCT_BUNDLE_IDENTIFIER = PyataevAleksei.Navigation;
				PRODUCT_NAME = "$(TARGET_NAME)";
				SWIFT_EMIT_LOC_STRINGS = YES;
				SWIFT_VERSION = 5.0;
				TARGETED_DEVICE_FAMILY = "1,2";
			};
			name = Release;
		};
/* End XCBuildConfiguration section */

/* Begin XCConfigurationList section */
		CE80309527FA110D0098FD08 /* Build configuration list for PBXProject "Navigation" */ = {
			isa = XCConfigurationList;
			buildConfigurations = (
				CE8030AC27FA11110098FD08 /* Debug */,
				CE8030AD27FA11110098FD08 /* Release */,
			);
			defaultConfigurationIsVisible = 0;
			defaultConfigurationName = Release;
		};
		CE8030AE27FA11110098FD08 /* Build configuration list for PBXNativeTarget "Navigation" */ = {
			isa = XCConfigurationList;
			buildConfigurations = (
				CE8030AF27FA11110098FD08 /* Debug */,
				CE8030B027FA11110098FD08 /* Release */,
			);
			defaultConfigurationIsVisible = 0;
			defaultConfigurationName = Release;
		};
/* End XCConfigurationList section */
	};
	rootObject = CE80309227FA110D0098FD08 /* Project object */;
}
